
Microsoft Visual Studio Solution File, Format Version 12.00
# Visual Studio Version 16
VisualStudioVersion = 16.0.29613.14
MinimumVisualStudioVersion = 10.0.40219.1
Project("{FAE04EC0-301F-11D3-BF4B-00C04F79EFBC}") = "AssemblyView", "AssemblyView\AssemblyView.csproj", "{5350D613-681C-476A-917C-DEFC68591519}"
EndProject
Global
	GlobalSection(SolutionConfigurationPlatforms) = preSolution
		Debug|Any CPU = Debug|Any CPU
		Release|Any CPU = Release|Any CPU
	EndGlobalSection
	GlobalSection(ProjectConfigurationPlatforms) = postSolution
		{5350D613-681C-476A-917C-DEFC68591519}.Debug|Any CPU.ActiveCfg = Debug|Any CPU
		{5350D613-681C-476A-917C-DEFC68591519}.Debug|Any CPU.Build.0 = Debug|Any CPU
		{5350D613-681C-476A-917C-DEFC68591519}.Release|Any CPU.ActiveCfg = Release|Any CPU
		{5350D613-681C-476A-917C-DEFC68591519}.Release|Any CPU.Build.0 = Release|Any CPU
	EndGlobalSection
	GlobalSection(SolutionProperties) = preSolution
		HideSolutionNode = FALSE
	EndGlobalSection
	GlobalSection(ExtensibilityGlobals) = postSolution
		SolutionGuid = {0AD73B15-C3EE-4B39-9B05-5768624D51DF}
	EndGlobalSection
EndGlobal
